# This file is autogenerated, do not edit; changes may be undone by the next 'dep ensure'.


[[projects]]
  name = "github.com/google/gopacket"
  packages = [
    ".",
    "layers",
    "pcap"
  ]
  revision = "b83f94714c36e30ce851be1d5a0a5226f9f1bca4"
  version = "v1.1.12"

[solve-meta]
  analyzer-name = "dep"
  analyzer-version = 1
  inputs-digest = "d5db8b1b9217dbb93b4146dc6ca16c6852547a9452bb8cbd666b4defdf7ebd6b"
  solver-name = "gps-cdcl"
  solver-version = 1
